
Microsoft Visual Studio Solution File, Format Version 12.00
# Visual Studio Version 16
VisualStudioVersion = 16.0.810.18
MinimumVisualStudioVersion = 10.0.40219.1
Project("{FAE04EC0-301F-11D3-BF4B-00C04F79EFBC}") = "Paylocity", "Paylocity.csproj", "{2453AF94-4241-4E45-B8E8-A47EDB1364A1}"
EndProject
Global
	GlobalSection(SolutionConfigurationPlatforms) = preSolution
		Debug|Any CPU = Debug|Any CPU
		Release|Any CPU = Release|Any CPU
	EndGlobalSection
	GlobalSection(ProjectConfigurationPlatforms) = postSolution
		{2453AF94-4241-4E45-B8E8-A47EDB1364A1}.Debug|Any CPU.ActiveCfg = Debug|Any CPU
		{2453AF94-4241-4E45-B8E8-A47EDB1364A1}.Debug|Any CPU.Build.0 = Debug|Any CPU
		{2453AF94-4241-4E45-B8E8-A47EDB1364A1}.Release|Any CPU.ActiveCfg = Release|Any CPU
		{2453AF94-4241-4E45-B8E8-A47EDB1364A1}.Release|Any CPU.Build.0 = Release|Any CPU
	EndGlobalSection
	GlobalSection(SolutionProperties) = preSolution
		HideSolutionNode = FALSE
	EndGlobalSection
	GlobalSection(ExtensibilityGlobals) = postSolution
		SolutionGuid = {A08C0808-5B82-48AA-A92B-3D2B71E04F78}
	EndGlobalSection
EndGlobal
